<?xml version="1.0" encoding="utf-8"?>
<Project ToolsVersion="4.0" xmlns="http://schemas.microsoft.com/developer/msbuild/2003">
  <ItemGroup>
    <Filter Include="源文件">
      <UniqueIdentifier>{4FC737F1-C7A5-4376-A066-2A32D752A2FF}</UniqueIdentifier>
      <Extensions>cpp;c;cc;cxx;def;odl;idl;hpj;bat;asm;asmx</Extensions>
    </Filter>
    <Filter Include="头文件">
      <UniqueIdentifier>{93995380-89BD-4b04-88EB-625FBE52EBFB}</UniqueIdentifier>
      <Extensions>h;hpp;hxx;hm;inl;inc;xsd</Extensions>
    </Filter>
    <Filter Include="资源文件">
      <UniqueIdentifier>{67DA6AB6-F800-4c08-8B7A-83BB121AAD01}</UniqueIdentifier>
      <Extensions>rc;ico;cur;bmp;dlg;rc2;rct;bin;rgs;gif;jpg;jpeg;jpe;resx;tiff;tif;png;wav;mfcribbon-ms</Extensions>
    </Filter>
    <Filter Include="src">
      <UniqueIdentifier>{ab51e7c0-26b5-44ca-b302-80766dd2d1c8}</UniqueIdentifier>
    </Filter>
    <Filter Include="src\weakcallback">
      <UniqueIdentifier>{1bcb99fb-7fc7-4259-a2a2-a8c240ebba05}</UniqueIdentifier>
    </Filter>
    <Filter Include="src\functional">
      <UniqueIdentifier>{606cfa04-b850-49d8-81b0-01ea1a5026f1}</UniqueIdentifier>
    </Filter>
    <Filter Include="src\variadic_template">
      <UniqueIdentifier>{06bcf4b8-2f1e-4225-ac42-9f9ac942e5a3}</UniqueIdentifier>
    </Filter>
    <Filter Include="src\copy_on_write">
      <UniqueIdentifier>{5f495ecb-9ad4-40bc-ad9e-15cd69fe29b8}</UniqueIdentifier>
    </Filter>
    <Filter Include="src\blocking_queue">
      <UniqueIdentifier>{d239ca0a-1588-4902-be14-264d35d2a892}</UniqueIdentifier>
    </Filter>
    <Filter Include="src\utils">
      <UniqueIdentifier>{2a8af676-f8b3-4d08-a2fd-2031bca2d33c}</UniqueIdentifier>
    </Filter>
  </ItemGroup>
  <ItemGroup>
    <Text Include="ReadMe.txt" />
  </ItemGroup>
  <ItemGroup>
    <ClInclude Include="stdafx.h">
      <Filter>头文件</Filter>
    </ClInclude>
    <ClInclude Include="targetver.h">
      <Filter>头文件</Filter>
    </ClInclude>
    <ClInclude Include="src\weekcallback\weakcallback.h">
      <Filter>src\weakcallback</Filter>
    </ClInclude>
    <ClInclude Include="src\functional\functional.h">
      <Filter>src\functional</Filter>
    </ClInclude>
    <ClInclude Include="src\variadic_template\variadic_template.h">
      <Filter>src\variadic_template</Filter>
    </ClInclude>
    <ClInclude Include="src\copy_on_write\copy_on_write.h">
      <Filter>src\copy_on_write</Filter>
    </ClInclude>
    <ClInclude Include="src\utils\mutex_lock_guard.h">
      <Filter>src\utils</Filter>
    </ClInclude>
    <ClInclude Include="src\blocking_queue\blocking_queue.h">
      <Filter>src\blocking_queue</Filter>
    </ClInclude>
    <ClInclude Include="src\blocking_queue\blocking_queue_test.h">
      <Filter>src\blocking_queue</Filter>
    </ClInclude>
  </ItemGroup>
  <ItemGroup>
    <ClCompile Include="stdafx.cpp">
      <Filter>源文件</Filter>
    </ClCompile>
    <ClCompile Include="practise.cpp">
      <Filter>源文件</Filter>
    </ClCompile>
    <ClCompile Include="src\blocking_queue\blocking_queue_test.cpp">
      <Filter>src\blocking_queue</Filter>
    </ClCompile>
  </ItemGroup>
</Project>