<?xml version="1.0" encoding="utf-8"?>
<Project ToolsVersion="4.0" xmlns="http://schemas.microsoft.com/developer/msbuild/2003">
  <ItemGroup>
    <Filter Include="源文件">
      <UniqueIdentifier>{4FC737F1-C7A5-4376-A066-2A32D752A2FF}</UniqueIdentifier>
      <Extensions>cpp;c;cc;cxx;def;odl;idl;hpj;bat;asm;asmx</Extensions>
    </Filter>
    <Filter Include="头文件">
      <UniqueIdentifier>{93995380-89BD-4b04-88EB-625FBE52EBFB}</UniqueIdentifier>
      <Extensions>h;hpp;hxx;hm;inl;inc;xsd</Extensions>
    </Filter>
    <Filter Include="资源文件">
      <UniqueIdentifier>{67DA6AB6-F800-4c08-8B7A-83BB121AAD01}</UniqueIdentifier>
      <Extensions>rc;ico;cur;bmp;dlg;rc2;rct;bin;rgs;gif;jpg;jpeg;jpe;resx;tiff;tif;png;wav;mfcribbon-ms</Extensions>
    </Filter>
    <Filter Include="src">
      <UniqueIdentifier>{ab51e7c0-26b5-44ca-b302-80766dd2d1c8}</UniqueIdentifier>
    </Filter>
    <Filter Include="src\weakcallback">
      <UniqueIdentifier>{1bcb99fb-7fc7-4259-a2a2-a8c240ebba05}</UniqueIdentifier>
    </Filter>
    <Filter Include="src\functional">
      <UniqueIdentifier>{606cfa04-b850-49d8-81b0-01ea1a5026f1}</UniqueIdentifier>
    </Filter>
    <Filter Include="src\variadic_template">
      <UniqueIdentifier>{06bcf4b8-2f1e-4225-ac42-9f9ac942e5a3}</UniqueIdentifier>
    </Filter>
    <Filter Include="src\copy_on_write">
      <UniqueIdentifier>{5f495ecb-9ad4-40bc-ad9e-15cd69fe29b8}</UniqueIdentifier>
    </Filter>
    <Filter Include="src\blocking_queue">
      <UniqueIdentifier>{d239ca0a-1588-4902-be14-264d35d2a892}</UniqueIdentifier>
    </Filter>
    <Filter Include="src\utils">
      <UniqueIdentifier>{2a8af676-f8b3-4d08-a2fd-2031bca2d33c}</UniqueIdentifier>
    </Filter>
    <Filter Include="src\leetcode">
      <UniqueIdentifier>{7d46e3bd-4c2f-4c20-a5eb-d0584d806536}</UniqueIdentifier>
    </Filter>
  </ItemGroup>
  <ItemGroup>
    <Text Include="ReadMe.txt" />
  </ItemGroup>
  <ItemGroup>
    <ClInclude Include="stdafx.h">
      <Filter>头文件</Filter>
    </ClInclude>
    <ClInclude Include="targetver.h">
      <Filter>头文件</Filter>
    </ClInclude>
    <ClInclude Include="src\weekcallback\weakcallback.h">
      <Filter>src\weakcallback</Filter>
    </ClInclude>
    <ClInclude Include="src\functional\functional.h">
      <Filter>src\functional</Filter>
    </ClInclude>
    <ClInclude Include="src\variadic_template\variadic_template.h">
      <Filter>src\variadic_template</Filter>
    </ClInclude>
    <ClInclude Include="src\copy_on_write\copy_on_write.h">
      <Filter>src\copy_on_write</Filter>
    </ClInclude>
    <ClInclude Include="src\utils\mutex_lock_guard.h">
      <Filter>src\utils</Filter>
    </ClInclude>
    <ClInclude Include="src\blocking_queue\blocking_queue.h">
      <Filter>src\blocking_queue</Filter>
    </ClInclude>
    <ClInclude Include="src\blocking_queue\blocking_queue_test.h">
      <Filter>src\blocking_queue</Filter>
    </ClInclude>
    <ClInclude Include="src\leetcode\roman_to_integer.h">
      <Filter>src\leetcode</Filter>
    </ClInclude>
    <ClInclude Include="src\leetcode\longest_common_prefix.h">
      <Filter>src\leetcode</Filter>
    </ClInclude>
    <ClInclude Include="src\leetcode\valid_parentheses.h">
      <Filter>src\leetcode</Filter>
    </ClInclude>
    <ClInclude Include="src\leetcode\count_and_say.h">
      <Filter>src\leetcode</Filter>
    </ClInclude>
    <ClInclude Include="src\leetcode\maximum_subarray.h">
      <Filter>src\leetcode</Filter>
    </ClInclude>
    <ClInclude Include="src\leetcode\length_of_last_word.h">
      <Filter>src\leetcode</Filter>
    </ClInclude>
    <ClInclude Include="src\leetcode\plus_one.h">
      <Filter>src\leetcode</Filter>
    </ClInclude>
    <ClInclude Include="src\leetcode\add_binary.h">
      <Filter>src\leetcode</Filter>
    </ClInclude>
    <ClInclude Include="src\leetcode\sqrt(x).h">
      <Filter>src\leetcode</Filter>
    </ClInclude>
    <ClInclude Include="src\leetcode\climbing_stairs.h">
      <Filter>src\leetcode</Filter>
    </ClInclude>
    <ClInclude Include="src\leetcode\remove_duplicates_from_sorted_list.h">
      <Filter>src\leetcode</Filter>
    </ClInclude>
    <ClInclude Include="src\leetcode\merge_sorted_array.h">
      <Filter>src\leetcode</Filter>
    </ClInclude>
    <ClInclude Include="src\leetcode\same_tree.h">
      <Filter>src\leetcode</Filter>
    </ClInclude>
    <ClInclude Include="src\leetcode\symmetric_tree.h">
      <Filter>src\leetcode</Filter>
    </ClInclude>
    <ClInclude Include="src\leetcode\maximum_depth_of_binary_tree.h">
      <Filter>src\leetcode</Filter>
    </ClInclude>
    <ClInclude Include="src\leetcode\binary_tree_level_order_traversal_ii.h">
      <Filter>src\leetcode</Filter>
    </ClInclude>
    <ClInclude Include="src\leetcode\convert_sorted_array_to_binary_search_tree.h">
      <Filter>src\leetcode</Filter>
    </ClInclude>
    <ClInclude Include="src\leetcode\balanced_binary_tree.h">
      <Filter>src\leetcode</Filter>
    </ClInclude>
    <ClInclude Include="src\leetcode\minimum_depth_of_binary_tree.h">
      <Filter>src\leetcode</Filter>
    </ClInclude>
    <ClInclude Include="src\leetcode\path_sum.h">
      <Filter>src\leetcode</Filter>
    </ClInclude>
    <ClInclude Include="src\leetcode\pascals_triangle.h">
      <Filter>src\leetcode</Filter>
    </ClInclude>
    <ClInclude Include="src\leetcode\pascals_triangle_ii.h">
      <Filter>src\leetcode</Filter>
    </ClInclude>
    <ClInclude Include="src\leetcode\best_time_to_buy_and_sell_stock.h">
      <Filter>src\leetcode</Filter>
    </ClInclude>
    <ClInclude Include="src\leetcode\best_time_to_buy_and_sell_stock_ii.h">
      <Filter>src\leetcode</Filter>
    </ClInclude>
    <ClInclude Include="src\leetcode\contains_duplicate.h">
      <Filter>src\leetcode</Filter>
    </ClInclude>
    <ClInclude Include="src\leetcode\contains_duplicate_ii.h">
      <Filter>src\leetcode</Filter>
    </ClInclude>
    <ClInclude Include="src\leetcode\count_primes.h">
      <Filter>src\leetcode</Filter>
    </ClInclude>
    <ClInclude Include="src\leetcode\excel_sheet_column_number.h">
      <Filter>src\leetcode</Filter>
    </ClInclude>
    <ClInclude Include="src\leetcode\excel_sheet_column_title.h">
      <Filter>src\leetcode</Filter>
    </ClInclude>
    <ClInclude Include="src\leetcode\factorial_trailing_zeros.h">
      <Filter>src\leetcode</Filter>
    </ClInclude>
    <ClInclude Include="src\leetcode\happy_number.h">
      <Filter>src\leetcode</Filter>
    </ClInclude>
    <ClInclude Include="src\leetcode\house_robber.h">
      <Filter>src\leetcode</Filter>
    </ClInclude>
    <ClInclude Include="src\leetcode\implement_queue_using_stacks.h">
      <Filter>src\leetcode</Filter>
    </ClInclude>
    <ClInclude Include="src\leetcode\implement_stack_using_queues.h">
      <Filter>src\leetcode</Filter>
    </ClInclude>
    <ClInclude Include="src\leetcode\intersection_of_two_linked_lists.h">
      <Filter>src\leetcode</Filter>
    </ClInclude>
    <ClInclude Include="src\leetcode\invert_binary_tree.h">
      <Filter>src\leetcode</Filter>
    </ClInclude>
    <ClInclude Include="src\leetcode\isomorphic_strings.h">
      <Filter>src\leetcode</Filter>
    </ClInclude>
    <ClInclude Include="src\leetcode\linked_list_circle.h">
      <Filter>src\leetcode</Filter>
    </ClInclude>
    <ClInclude Include="src\leetcode\majority_element.h">
      <Filter>src\leetcode</Filter>
    </ClInclude>
    <ClInclude Include="src\leetcode\min_stack.h">
      <Filter>src\leetcode</Filter>
    </ClInclude>
    <ClInclude Include="src\leetcode\min_stack_.h">
      <Filter>src\leetcode</Filter>
    </ClInclude>
    <ClInclude Include="src\leetcode\number_of_1_bits.h">
      <Filter>src\leetcode</Filter>
    </ClInclude>
    <ClInclude Include="src\leetcode\palindrome_linked_list.h">
      <Filter>src\leetcode</Filter>
    </ClInclude>
    <ClInclude Include="src\leetcode\power_of_two.h">
      <Filter>src\leetcode</Filter>
    </ClInclude>
    <ClInclude Include="src\leetcode\read_n_characters_given_read4.h">
      <Filter>src\leetcode</Filter>
    </ClInclude>
    <ClInclude Include="src\leetcode\remove_linked_list_elements.h">
      <Filter>src\leetcode</Filter>
    </ClInclude>
    <ClInclude Include="src\leetcode\reverse_bits.h">
      <Filter>src\leetcode</Filter>
    </ClInclude>
    <ClInclude Include="src\leetcode\reverse_linked_list.h">
      <Filter>src\leetcode</Filter>
    </ClInclude>
    <ClInclude Include="src\leetcode\rotate_array.h">
      <Filter>src\leetcode</Filter>
    </ClInclude>
    <ClInclude Include="src\leetcode\single_list.h">
      <Filter>src\leetcode</Filter>
    </ClInclude>
    <ClInclude Include="src\leetcode\two_sum_ii_input_array_is_sorted.h">
      <Filter>src\leetcode</Filter>
    </ClInclude>
    <ClInclude Include="src\leetcode\valid_palindrome.h">
      <Filter>src\leetcode</Filter>
    </ClInclude>
    <ClInclude Include="src\leetcode\lowest_common_ancestor_of_a_binary_search_tree.h">
      <Filter>src\leetcode</Filter>
    </ClInclude>
    <ClInclude Include="src\leetcode\binary_tree_paths.h">
      <Filter>src\leetcode</Filter>
    </ClInclude>
    <ClInclude Include="src\leetcode\add_digits.h">
      <Filter>src\leetcode</Filter>
    </ClInclude>
    <ClInclude Include="src\leetcode\ugly_number.h">
      <Filter>src\leetcode</Filter>
    </ClInclude>
    <ClInclude Include="src\leetcode\first_bad_version.h">
      <Filter>src\leetcode</Filter>
    </ClInclude>
    <ClInclude Include="src\leetcode\move_zeros.h">
      <Filter>src\leetcode</Filter>
    </ClInclude>
    <ClInclude Include="src\leetcode\word_pattern.h">
      <Filter>src\leetcode</Filter>
    </ClInclude>
    <ClInclude Include="src\leetcode\nim_game.h">
      <Filter>src\leetcode</Filter>
    </ClInclude>
    <ClInclude Include="src\leetcode\range_sum_query_immutable.h">
      <Filter>src\leetcode</Filter>
    </ClInclude>
    <ClInclude Include="src\leetcode\power_of_three.h">
      <Filter>src\leetcode</Filter>
    </ClInclude>
    <ClInclude Include="src\leetcode\power_of_four.h">
      <Filter>src\leetcode</Filter>
    </ClInclude>
    <ClInclude Include="src\leetcode\reverse_string.h">
      <Filter>src\leetcode</Filter>
    </ClInclude>
    <ClInclude Include="src\leetcode\reverse_vowels_of_a_string.h">
      <Filter>src\leetcode</Filter>
    </ClInclude>
    <ClInclude Include="src\leetcode\intersection_of_two_arrays.h">
      <Filter>src\leetcode</Filter>
    </ClInclude>
    <ClInclude Include="src\leetcode\intersection_of_two_arrays_ii.h">
      <Filter>src\leetcode</Filter>
    </ClInclude>
    <ClInclude Include="src\leetcode\valid_perfect_square.h">
      <Filter>src\leetcode</Filter>
    </ClInclude>
    <ClInclude Include="src\leetcode\sum_of_two_integers.h">
      <Filter>src\leetcode</Filter>
    </ClInclude>
    <ClInclude Include="src\leetcode\guess_number_higher_or_lower.h">
      <Filter>src\leetcode</Filter>
    </ClInclude>
    <ClInclude Include="src\leetcode\ransom_note.h">
      <Filter>src\leetcode</Filter>
    </ClInclude>
    <ClInclude Include="src\leetcode\first_unique_character_in_a_string.h">
      <Filter>src\leetcode</Filter>
    </ClInclude>
    <ClInclude Include="src\leetcode\nth_digit.h">
      <Filter>src\leetcode</Filter>
    </ClInclude>
    <ClInclude Include="src\leetcode\binary_watch.h">
      <Filter>src\leetcode</Filter>
    </ClInclude>
    <ClInclude Include="src\leetcode\sum_of_left_leaves.h">
      <Filter>src\leetcode</Filter>
    </ClInclude>
    <ClInclude Include="src\leetcode\convert_a_number_to_hexademical.h">
      <Filter>src\leetcode</Filter>
    </ClInclude>
    <ClInclude Include="src\leetcode\longest_palindrome.h">
      <Filter>src\leetcode</Filter>
    </ClInclude>
    <ClInclude Include="src\leetcode\fizz_buzz.h">
      <Filter>src\leetcode</Filter>
    </ClInclude>
    <ClInclude Include="src\leetcode\third_maximum_number.h">
      <Filter>src\leetcode</Filter>
    </ClInclude>
    <ClInclude Include="src\leetcode\add_strings.h">
      <Filter>src\leetcode</Filter>
    </ClInclude>
    <ClInclude Include="src\leetcode\find_the_difference.h">
      <Filter>src\leetcode</Filter>
    </ClInclude>
    <ClInclude Include="src\leetcode\trapping_rain_water.h">
      <Filter>src\leetcode</Filter>
    </ClInclude>
    <ClInclude Include="src\leetcode\number_of_segments_in_a_string.h">
      <Filter>src\leetcode</Filter>
    </ClInclude>
    <ClInclude Include="src\leetcode\path_sum_iii.h">
      <Filter>src\leetcode</Filter>
    </ClInclude>
    <ClInclude Include="src\leetcode\_common_binary_tree.h">
      <Filter>src\leetcode</Filter>
    </ClInclude>
    <ClInclude Include="src\leetcode\find_all_anagrams_in_a_string.h">
      <Filter>src\leetcode</Filter>
    </ClInclude>
    <ClInclude Include="src\leetcode\arranging_coins.h">
      <Filter>src\leetcode</Filter>
    </ClInclude>
    <ClInclude Include="src\leetcode\string_compression.h">
      <Filter>src\leetcode</Filter>
    </ClInclude>
    <ClInclude Include="src\leetcode\number_of_boomerangs.h">
      <Filter>src\leetcode</Filter>
    </ClInclude>
    <ClInclude Include="src\leetcode\find_all_numbers_disappeared_in_an_array.h">
      <Filter>src\leetcode</Filter>
    </ClInclude>
    <ClInclude Include="src\leetcode\find_all_duplicates_in_an_array.h">
      <Filter>src\leetcode</Filter>
    </ClInclude>
    <ClInclude Include="src\leetcode\minimum_moves_to_equal_array_elements.h">
      <Filter>src\leetcode</Filter>
    </ClInclude>
    <ClInclude Include="src\leetcode\assign_cookies.h">
      <Filter>src\leetcode</Filter>
    </ClInclude>
    <ClInclude Include="src\leetcode\repeated_substring_pattern.h">
      <Filter>src\leetcode</Filter>
    </ClInclude>
    <ClInclude Include="src\leetcode\hamming_distance.h">
      <Filter>src\leetcode</Filter>
    </ClInclude>
    <ClInclude Include="src\leetcode\island_perimeter.h">
      <Filter>src\leetcode</Filter>
    </ClInclude>
    <ClInclude Include="src\leetcode\heaters.h">
      <Filter>src\leetcode</Filter>
    </ClInclude>
    <ClInclude Include="src\leetcode\number_complement.h">
      <Filter>src\leetcode</Filter>
    </ClInclude>
    <ClInclude Include="src\leetcode\license_key_formatting.h">
      <Filter>src\leetcode</Filter>
    </ClInclude>
    <ClInclude Include="src\leetcode\max_consecutive_ones.h">
      <Filter>src\leetcode</Filter>
    </ClInclude>
    <ClInclude Include="src\leetcode\construct_the_rectangle.h">
      <Filter>src\leetcode</Filter>
    </ClInclude>
    <ClInclude Include="src\leetcode\next_greater_element_i.h">
      <Filter>src\leetcode</Filter>
    </ClInclude>
    <ClInclude Include="src\leetcode\keyboard_row.h">
      <Filter>src\leetcode</Filter>
    </ClInclude>
    <ClInclude Include="src\leetcode\find_mode_in_binary_search_tree.h">
      <Filter>src\leetcode</Filter>
    </ClInclude>
    <ClInclude Include="src\leetcode\base_7.h">
      <Filter>src\leetcode</Filter>
    </ClInclude>
    <ClInclude Include="src\leetcode\relative_ranks.h">
      <Filter>src\leetcode</Filter>
    </ClInclude>
    <ClInclude Include="src\leetcode\perfect_number.h">
      <Filter>src\leetcode</Filter>
    </ClInclude>
    <ClInclude Include="src\leetcode\detect_capital.h">
      <Filter>src\leetcode</Filter>
    </ClInclude>
    <ClInclude Include="src\leetcode\longest_uncommon_subsequence_i.h">
      <Filter>src\leetcode</Filter>
    </ClInclude>
    <ClInclude Include="src\leetcode\minimum_absolute_difference_in_bst.h">
      <Filter>src\leetcode</Filter>
    </ClInclude>
    <ClInclude Include="src\leetcode\k_diff_pairs_in_an_array.h">
      <Filter>src\leetcode</Filter>
    </ClInclude>
    <ClInclude Include="src\leetcode\convert_bst_to_greater_tree.h">
      <Filter>src\leetcode</Filter>
    </ClInclude>
    <ClInclude Include="src\leetcode\reverse_string_ii.h">
      <Filter>src\leetcode</Filter>
    </ClInclude>
    <ClInclude Include="src\leetcode\diameter_of_binary_tree.h">
      <Filter>src\leetcode</Filter>
    </ClInclude>
    <ClInclude Include="src\leetcode\student_attendance_record_i.h">
      <Filter>src\leetcode</Filter>
    </ClInclude>
    <ClInclude Include="src\leetcode\reverse_words_in_a_string_iii.h">
      <Filter>src\leetcode</Filter>
    </ClInclude>
    <ClInclude Include="src\leetcode\array_partition.h">
      <Filter>src\leetcode</Filter>
    </ClInclude>
    <ClInclude Include="src\leetcode\binary_tree_tilt.h">
      <Filter>src\leetcode</Filter>
    </ClInclude>
    <ClInclude Include="src\leetcode\reshape_the_matrix.h">
      <Filter>src\leetcode</Filter>
    </ClInclude>
    <ClInclude Include="src\leetcode\subtree_of_another_tree.h">
      <Filter>src\leetcode</Filter>
    </ClInclude>
    <ClInclude Include="src\leetcode\distribute_candies.h">
      <Filter>src\leetcode</Filter>
    </ClInclude>
    <ClInclude Include="src\leetcode\shortest_unsorted_continuous_subarray.h">
      <Filter>src\leetcode</Filter>
    </ClInclude>
    <ClInclude Include="src\leetcode\longest_harmonious_subsequence.h">
      <Filter>src\leetcode</Filter>
    </ClInclude>
    <ClInclude Include="src\leetcode\minimum_index_sum_of_two_lists.h">
      <Filter>src\leetcode</Filter>
    </ClInclude>
    <ClInclude Include="src\leetcode\range_addition_ii.h">
      <Filter>src\leetcode</Filter>
    </ClInclude>
    <ClInclude Include="src\leetcode\can_place_flowers.h">
      <Filter>src\leetcode</Filter>
    </ClInclude>
    <ClInclude Include="src\leetcode\_common_all.h">
      <Filter>src\leetcode</Filter>
    </ClInclude>
    <ClInclude Include="src\leetcode\construct_string_from_binary_tree.h">
      <Filter>src\leetcode</Filter>
    </ClInclude>
    <ClInclude Include="src\leetcode\merge_two_binary_trees.h">
      <Filter>src\leetcode</Filter>
    </ClInclude>
    <ClInclude Include="src\leetcode\maximum_product_of_tree_numbers.h">
      <Filter>src\leetcode</Filter>
    </ClInclude>
    <ClInclude Include="src\leetcode\sum_of_square_numbers.h">
      <Filter>src\leetcode</Filter>
    </ClInclude>
    <ClInclude Include="src\leetcode\average_of_levels_in_binary_tree.h">
      <Filter>src\leetcode</Filter>
    </ClInclude>
    <ClInclude Include="src\leetcode\maximum_average_subarray_i.h">
      <Filter>src\leetcode</Filter>
    </ClInclude>
    <ClInclude Include="src\leetcode\set_mismatch.h">
      <Filter>src\leetcode</Filter>
    </ClInclude>
    <ClInclude Include="src\leetcode\two_sum_iv_input_is_bst.h">
      <Filter>src\leetcode</Filter>
    </ClInclude>
    <ClInclude Include="src\leetcode\judge_route_circle.h">
      <Filter>src\leetcode</Filter>
    </ClInclude>
    <ClInclude Include="src\leetcode\image_smoother.h">
      <Filter>src\leetcode</Filter>
    </ClInclude>
    <ClInclude Include="src\leetcode\non_decreasing_array.h">
      <Filter>src\leetcode</Filter>
    </ClInclude>
    <ClInclude Include="src\leetcode\trim_a_binary_search_tree.h">
      <Filter>src\leetcode</Filter>
    </ClInclude>
    <ClInclude Include="src\leetcode\second_minimum_node_in_a_binary_tree.h">
      <Filter>src\leetcode</Filter>
    </ClInclude>
    <ClInclude Include="src\leetcode\longest_continuous_increasing_subsequence.h">
      <Filter>src\leetcode</Filter>
    </ClInclude>
    <ClInclude Include="src\leetcode\valid_palindrome_ii.h">
      <Filter>src\leetcode</Filter>
    </ClInclude>
    <ClInclude Include="src\leetcode\baseball_game.h">
      <Filter>src\leetcode</Filter>
    </ClInclude>
    <ClInclude Include="src\leetcode\repeated_string_match.h">
      <Filter>src\leetcode</Filter>
    </ClInclude>
    <ClInclude Include="src\leetcode\longest_univalue_path.h">
      <Filter>src\leetcode</Filter>
    </ClInclude>
    <ClInclude Include="src\leetcode\employee_importance.h">
      <Filter>src\leetcode</Filter>
    </ClInclude>
    <ClInclude Include="src\leetcode\binary_number_with_alternating_bits.h">
      <Filter>src\leetcode</Filter>
    </ClInclude>
    <ClInclude Include="src\leetcode\1-bit-and-2-bit-characters.h">
      <Filter>src\leetcode</Filter>
    </ClInclude>
    <ClInclude Include="src\leetcode\count_binary_substrings.h">
      <Filter>src\leetcode</Filter>
    </ClInclude>
    <ClInclude Include="src\leetcode\degree_of_an_array.h">
      <Filter>src\leetcode</Filter>
    </ClInclude>
    <ClInclude Include="src\leetcode\longest-word-in-dictionary.h">
      <Filter>src\leetcode</Filter>
    </ClInclude>
    <ClInclude Include="src\leetcode\max_area_of_island.h">
      <Filter>src\leetcode</Filter>
    </ClInclude>
    <ClInclude Include="src\leetcode\find-pivot-index.h">
      <Filter>src\leetcode</Filter>
    </ClInclude>
    <ClInclude Include="src\leetcode\self-dividing-numbers.h">
      <Filter>src\leetcode</Filter>
    </ClInclude>
    <ClInclude Include="src\leetcode\flood-fill.h">
      <Filter>src\leetcode</Filter>
    </ClInclude>
    <ClInclude Include="src\leetcode\find-smallest-letter-greater-than-target.h">
      <Filter>src\leetcode</Filter>
    </ClInclude>
    <ClInclude Include="src\leetcode\min-cost-climbing-stairs.h">
      <Filter>src\leetcode</Filter>
    </ClInclude>
    <ClInclude Include="src\leetcode\largest-number-at-least-twice-of-others.h">
      <Filter>src\leetcode</Filter>
    </ClInclude>
    <ClInclude Include="src\leetcode\prime-number-of-set-bits-in-binary-representation.h">
      <Filter>src\leetcode</Filter>
    </ClInclude>
    <ClInclude Include="src\leetcode\toeplitz-matrix.h">
      <Filter>src\leetcode</Filter>
    </ClInclude>
    <ClInclude Include="src\leetcode\jewels-and-stones.h">
      <Filter>src\leetcode</Filter>
    </ClInclude>
    <ClInclude Include="src\leetcode\minimum-distance-between-bst-nodes.h">
      <Filter>src\leetcode</Filter>
    </ClInclude>
    <ClInclude Include="src\leetcode\letter-case-permutation.h">
      <Filter>src\leetcode</Filter>
    </ClInclude>
    <ClInclude Include="src\leetcode\rotated-digits.h">
      <Filter>src\leetcode</Filter>
    </ClInclude>
    <ClInclude Include="src\leetcode\rotate-string.h">
      <Filter>src\leetcode</Filter>
    </ClInclude>
    <ClInclude Include="src\leetcode\unique-morse-code-words.h">
      <Filter>src\leetcode</Filter>
    </ClInclude>
    <ClInclude Include="src\leetcode\number-of-lines-to-write-string.h">
      <Filter>src\leetcode</Filter>
    </ClInclude>
    <ClInclude Include="src\leetcode\subdomain-visit-count.h">
      <Filter>src\leetcode</Filter>
    </ClInclude>
    <ClInclude Include="src\leetcode\goat-latin.h">
      <Filter>src\leetcode</Filter>
    </ClInclude>
    <ClInclude Include="src\leetcode\largest-triangle-area.h">
      <Filter>src\leetcode</Filter>
    </ClInclude>
    <ClInclude Include="src\leetcode\most-common-word.h">
      <Filter>src\leetcode</Filter>
    </ClInclude>
    <ClInclude Include="src\leetcode\positions-of-large-groups.h">
      <Filter>src\leetcode</Filter>
    </ClInclude>
    <ClInclude Include="src\leetcode\shortest-distance-to-a-character.h">
      <Filter>src\leetcode</Filter>
    </ClInclude>
    <ClInclude Include="src\leetcode\flipping-an-image.h">
      <Filter>src\leetcode</Filter>
    </ClInclude>
    <ClInclude Include="src\leetcode\rectangle-overlap.h">
      <Filter>src\leetcode</Filter>
    </ClInclude>
    <ClInclude Include="src\leetcode\magic-squares-in-grid.h">
      <Filter>src\leetcode</Filter>
    </ClInclude>
    <ClInclude Include="src\leetcode\backspace-string-compare.h">
      <Filter>src\leetcode</Filter>
    </ClInclude>
    <ClInclude Include="src\leetcode\maximize-distance-to-closest-person.h">
      <Filter>src\leetcode</Filter>
    </ClInclude>
    <ClInclude Include="src\leetcode\peak-index-in-a-mountain-array.h">
      <Filter>src\leetcode</Filter>
    </ClInclude>
    <ClInclude Include="src\leetcode\container-with-most-water.h">
      <Filter>src\leetcode</Filter>
    </ClInclude>
    <ClInclude Include="src\leetcode\integer-to-roman.h">
      <Filter>src\leetcode</Filter>
    </ClInclude>
    <ClInclude Include="src\leetcode\3sum.h">
      <Filter>src\leetcode</Filter>
    </ClInclude>
    <ClInclude Include="src\leetcode\3sum-closest.h">
      <Filter>src\leetcode</Filter>
    </ClInclude>
    <ClInclude Include="src\leetcode\letter-combinations-of-a-phone-number.h">
      <Filter>src\leetcode</Filter>
    </ClInclude>
    <ClInclude Include="src\leetcode\4sum.h">
      <Filter>src\leetcode</Filter>
    </ClInclude>
    <ClInclude Include="src\leetcode\remove-nth-node-from-end-of-list.h">
      <Filter>src\leetcode</Filter>
    </ClInclude>
    <ClInclude Include="src\leetcode\_common_list.h">
      <Filter>src\leetcode</Filter>
    </ClInclude>
    <ClInclude Include="src\leetcode\generate-parentheses.h">
      <Filter>src\leetcode</Filter>
    </ClInclude>
    <ClInclude Include="src\leetcode\swap-nodes-in-pairs.h">
      <Filter>src\leetcode</Filter>
    </ClInclude>
    <ClInclude Include="src\leetcode\divide-two-integers.h">
      <Filter>src\leetcode</Filter>
    </ClInclude>
    <ClInclude Include="src\leetcode\next-permutation.h">
      <Filter>src\leetcode</Filter>
    </ClInclude>
    <ClInclude Include="src\leetcode\search-in-rotated-sorted-array.h">
      <Filter>src\leetcode</Filter>
    </ClInclude>
    <ClInclude Include="src\leetcode\valid-sudoku.h">
      <Filter>src\leetcode</Filter>
    </ClInclude>
    <ClInclude Include="src\leetcode\combination-sum.h">
      <Filter>src\leetcode</Filter>
    </ClInclude>
    <ClInclude Include="src\leetcode\combination-sum-ii.h">
      <Filter>src\leetcode</Filter>
    </ClInclude>
    <ClInclude Include="src\leetcode\multiply-strings.h">
      <Filter>src\leetcode</Filter>
    </ClInclude>
    <ClInclude Include="src\leetcode\permutations.h">
      <Filter>src\leetcode</Filter>
    </ClInclude>
    <ClInclude Include="src\leetcode\permutations-ii.h">
      <Filter>src\leetcode</Filter>
    </ClInclude>
    <ClInclude Include="src\leetcode\rotate-image.h">
      <Filter>src\leetcode</Filter>
    </ClInclude>
    <ClInclude Include="src\leetcode\group-anagrams.h">
      <Filter>src\leetcode</Filter>
    </ClInclude>
    <ClInclude Include="src\leetcode\powx-n.h">
      <Filter>src\leetcode</Filter>
    </ClInclude>
    <ClInclude Include="src\leetcode\spiral-matrix.h">
      <Filter>src\leetcode</Filter>
    </ClInclude>
  </ItemGroup>
  <ItemGroup>
    <ClCompile Include="stdafx.cpp">
      <Filter>源文件</Filter>
    </ClCompile>
    <ClCompile Include="practise.cpp">
      <Filter>源文件</Filter>
    </ClCompile>
    <ClCompile Include="src\blocking_queue\blocking_queue_test.cpp">
      <Filter>src\blocking_queue</Filter>
    </ClCompile>
    <ClCompile Include="src\leetcode\delete_node_in_a_linked_list.h">
      <Filter>src\leetcode</Filter>
    </ClCompile>
    <ClCompile Include="src\leetcode\valid_anagram.h">
      <Filter>src\leetcode</Filter>
    </ClCompile>
  </ItemGroup>
</Project>